
Microsoft Visual Studio Solution File, Format Version 12.00
# Visual Studio Version 16
VisualStudioVersion = 16.0.31829.152
MinimumVisualStudioVersion = 10.0.40219.1
Project("{FAE04EC0-301F-11D3-BF4B-00C04F79EFBC}") = "[HS2] Character Morpher", "[HS2] Character Morpher\[HS2] Character Morpher.csproj", "{E96314CF-3D68-4A08-94E7-DD86D7BFA157}"
EndProject
Project("{D954291E-2A0B-460D-934E-DC6B0785DB48}") = "Common", "Common\Common.shproj", "{F835505B-0492-45C9-A446-C4BF82473CEE}"
EndProject
Project("{FAE04EC0-301F-11D3-BF4B-00C04F79EFBC}") = "[KK] Character Morpher", "[KK] Character Morpher\[KK] Character Morpher.csproj", "{676B828F-DE2D-4F54-9B96-3A965EBD2042}"
EndProject
Project("{FAE04EC0-301F-11D3-BF4B-00C04F79EFBC}") = "[KKS] Character Morpher", "[KKS] Character Morpher\[KKS] Character Morpher.csproj", "{15BB6C66-5B78-4EAA-B02D-99B0FE257F55}"
EndProject
Global
	GlobalSection(SharedMSBuildProjectFiles) = preSolution
		Common\Common.projitems*{15bb6c66-5b78-4eaa-b02d-99b0fe257f55}*SharedItemsImports = 4
		Common\Common.projitems*{676b828f-de2d-4f54-9b96-3a965ebd2042}*SharedItemsImports = 4
		Common\Common.projitems*{e96314cf-3d68-4a08-94e7-dd86d7bfa157}*SharedItemsImports = 4
		Common\Common.projitems*{f835505b-0492-45c9-a446-c4bf82473cee}*SharedItemsImports = 13
	EndGlobalSection
	GlobalSection(SolutionConfigurationPlatforms) = preSolution
		Debug|Any CPU = Debug|Any CPU
		Release|Any CPU = Release|Any CPU
	EndGlobalSection
	GlobalSection(ProjectConfigurationPlatforms) = postSolution
		{E96314CF-3D68-4A08-94E7-DD86D7BFA157}.Debug|Any CPU.ActiveCfg = Debug|Any CPU
		{E96314CF-3D68-4A08-94E7-DD86D7BFA157}.Debug|Any CPU.Build.0 = Debug|Any CPU
		{E96314CF-3D68-4A08-94E7-DD86D7BFA157}.Release|Any CPU.ActiveCfg = Release|Any CPU
		{E96314CF-3D68-4A08-94E7-DD86D7BFA157}.Release|Any CPU.Build.0 = Release|Any CPU
		{676B828F-DE2D-4F54-9B96-3A965EBD2042}.Debug|Any CPU.ActiveCfg = Debug|Any CPU
		{676B828F-DE2D-4F54-9B96-3A965EBD2042}.Debug|Any CPU.Build.0 = Debug|Any CPU
		{676B828F-DE2D-4F54-9B96-3A965EBD2042}.Release|Any CPU.ActiveCfg = Release|Any CPU
		{676B828F-DE2D-4F54-9B96-3A965EBD2042}.Release|Any CPU.Build.0 = Release|Any CPU
		{15BB6C66-5B78-4EAA-B02D-99B0FE257F55}.Debug|Any CPU.ActiveCfg = Debug|Any CPU
		{15BB6C66-5B78-4EAA-B02D-99B0FE257F55}.Debug|Any CPU.Build.0 = Debug|Any CPU
		{15BB6C66-5B78-4EAA-B02D-99B0FE257F55}.Release|Any CPU.ActiveCfg = Release|Any CPU
		{15BB6C66-5B78-4EAA-B02D-99B0FE257F55}.Release|Any CPU.Build.0 = Release|Any CPU
	EndGlobalSection
	GlobalSection(SolutionProperties) = preSolution
		HideSolutionNode = FALSE
	EndGlobalSection
	GlobalSection(ExtensibilityGlobals) = postSolution
		SolutionGuid = {363853CC-19E3-41DE-A695-D0F2AA9EFE0E}
	EndGlobalSection
EndGlobal
